
Microsoft Visual Studio Solution File, Format Version 12.00
# Visual Studio Version 16
VisualStudioVersion = 16.0.31729.503
MinimumVisualStudioVersion = 10.0.40219.1
Project("{FAE04EC0-301F-11D3-BF4B-00C04F79EFBC}") = "MCD_OOPOrnekler", "MCD_OOPOrnekler\MCD_OOPOrnekler.csproj", "{926E4BD4-B9F4-4818-B1DA-18F166C4EA3F}"
EndProject
Global
	GlobalSection(SolutionConfigurationPlatforms) = preSolution
		Debug|Any CPU = Debug|Any CPU
		Release|Any CPU = Release|Any CPU
	EndGlobalSection
	GlobalSection(ProjectConfigurationPlatforms) = postSolution
		{926E4BD4-B9F4-4818-B1DA-18F166C4EA3F}.Debug|Any CPU.ActiveCfg = Debug|Any CPU
		{926E4BD4-B9F4-4818-B1DA-18F166C4EA3F}.Debug|Any CPU.Build.0 = Debug|Any CPU
		{926E4BD4-B9F4-4818-B1DA-18F166C4EA3F}.Release|Any CPU.ActiveCfg = Release|Any CPU
		{926E4BD4-B9F4-4818-B1DA-18F166C4EA3F}.Release|Any CPU.Build.0 = Release|Any CPU
	EndGlobalSection
	GlobalSection(SolutionProperties) = preSolution
		HideSolutionNode = FALSE
	EndGlobalSection
	GlobalSection(ExtensibilityGlobals) = postSolution
		SolutionGuid = {1F94613E-E882-45C2-ADAF-38448802F471}
	EndGlobalSection
EndGlobal
